<?xml version="1.0" encoding="utf-8"?>
<Project ToolsVersion="4.0" xmlns="http://schemas.microsoft.com/developer/msbuild/2003">
  <ItemGroup>
    <Filter Include="Source Files">
      <UniqueIdentifier>{4FC737F1-C7A5-4376-A066-2A32D752A2FF}</UniqueIdentifier>
      <Extensions>cpp;c;cc;cxx;def;odl;idl;hpj;bat;asm;asmx</Extensions>
    </Filter>
    <Filter Include="Header Files">
      <UniqueIdentifier>{93995380-89BD-4b04-88EB-625FBE52EBFB}</UniqueIdentifier>
      <Extensions>h;hh;hpp;hxx;hm;inl;inc;xsd</Extensions>
    </Filter>
    <Filter Include="Resource Files">
      <UniqueIdentifier>{67DA6AB6-F800-4c08-8B7A-83BB121AAD01}</UniqueIdentifier>
      <Extensions>rc;ico;cur;bmp;dlg;rc2;rct;bin;rgs;gif;jpg;jpeg;jpe;resx;tiff;tif;png;wav;mfcribbon-ms</Extensions>
    </Filter>
    <Filter Include="Header Files\Lights">
      <UniqueIdentifier>{de628701-4a58-494e-995a-0e13703245fe}</UniqueIdentifier>
    </Filter>
    <Filter Include="Header Files\Materials">
      <UniqueIdentifier>{c529670b-cfb1-4ed6-9562-9053f187e7e1}</UniqueIdentifier>
    </Filter>
    <Filter Include="Header Files\Geometry">
      <UniqueIdentifier>{0bfafaec-d5a0-473b-9282-574d63a2d2d4}</UniqueIdentifier>
    </Filter>
    <Filter Include="Header Files\Graphics">
      <UniqueIdentifier>{bc9782cf-82b7-46c3-9061-2c3f6a7b728a}</UniqueIdentifier>
    </Filter>
    <Filter Include="Header Files\Input">
      <UniqueIdentifier>{7f8fcdca-c0ff-4f9b-aaf0-5c09ff11a743}</UniqueIdentifier>
    </Filter>
  </ItemGroup>
  <ItemGroup>
    <Text Include="ReadMe.txt" />
  </ItemGroup>
  <ItemGroup>
    <ClInclude Include="stdafx.h">
      <Filter>Header Files</Filter>
    </ClInclude>
    <ClInclude Include="targetver.h">
      <Filter>Header Files</Filter>
    </ClInclude>
    <ClInclude Include="stb_image.h">
      <Filter>Header Files</Filter>
    </ClInclude>
    <ClInclude Include="Light.h">
      <Filter>Header Files\Lights</Filter>
    </ClInclude>
    <ClInclude Include="DirectionalLight.h">
      <Filter>Header Files\Lights</Filter>
    </ClInclude>
    <ClInclude Include="SpotLight.h">
      <Filter>Header Files\Lights</Filter>
    </ClInclude>
    <ClInclude Include="PBRMaterial.h">
      <Filter>Header Files\Materials</Filter>
    </ClInclude>
    <ClInclude Include="Material.h">
      <Filter>Header Files\Materials</Filter>
    </ClInclude>
    <ClInclude Include="GeometryUtil.h">
      <Filter>Header Files\Geometry</Filter>
    </ClInclude>
    <ClInclude Include="Geometry.h">
      <Filter>Header Files\Geometry</Filter>
    </ClInclude>
    <ClInclude Include="ModelNode.h">
      <Filter>Header Files\Geometry</Filter>
    </ClInclude>
    <ClInclude Include="Mesh.h">
      <Filter>Header Files\Geometry</Filter>
    </ClInclude>
    <ClInclude Include="Model.h">
      <Filter>Header Files\Geometry</Filter>
    </ClInclude>
    <ClInclude Include="ModelInstance.h">
      <Filter>Header Files\Geometry</Filter>
    </ClInclude>
    <ClInclude Include="ModelLoader.h">
      <Filter>Header Files\Geometry</Filter>
    </ClInclude>
    <ClInclude Include="Camera.h">
      <Filter>Header Files\Graphics</Filter>
    </ClInclude>
    <ClInclude Include="MouseKeyboardInput.h">
      <Filter>Header Files\Input</Filter>
    </ClInclude>
    <ClInclude Include="Renderer.h">
      <Filter>Header Files\Graphics</Filter>
    </ClInclude>
    <ClInclude Include="RenderTarget.h">
      <Filter>Header Files\Graphics</Filter>
    </ClInclude>
    <ClInclude Include="Scene.h">
      <Filter>Header Files\Graphics</Filter>
    </ClInclude>
    <ClInclude Include="SceneObject.h">
      <Filter>Header Files\Graphics</Filter>
    </ClInclude>
    <ClInclude Include="Texture.h">
      <Filter>Header Files\Graphics</Filter>
    </ClInclude>
    <ClInclude Include="Shader.h">
      <Filter>Header Files\Graphics</Filter>
    </ClInclude>
    <ClInclude Include="Transform.h">
      <Filter>Header Files\Graphics</Filter>
    </ClInclude>
  </ItemGroup>
  <ItemGroup>
    <ClCompile Include="stdafx.cpp">
      <Filter>Source Files</Filter>
    </ClCompile>
    <ClCompile Include="PBRBox.cpp">
      <Filter>Source Files</Filter>
    </ClCompile>
    <ClCompile Include="Camera.cpp">
      <Filter>Source Files</Filter>
    </ClCompile>
    <ClCompile Include="Mesh.cpp">
      <Filter>Source Files</Filter>
    </ClCompile>
    <ClCompile Include="Model.cpp">
      <Filter>Source Files</Filter>
    </ClCompile>
    <ClCompile Include="ModelLoader.cpp">
      <Filter>Source Files</Filter>
    </ClCompile>
    <ClCompile Include="ModelNode.cpp">
      <Filter>Source Files</Filter>
    </ClCompile>
    <ClCompile Include="ModelInstance.cpp">
      <Filter>Source Files</Filter>
    </ClCompile>
    <ClCompile Include="Geometry.cpp">
      <Filter>Source Files</Filter>
    </ClCompile>
  </ItemGroup>
  <ItemGroup>
    <None Include="test.vert">
      <Filter>Resource Files</Filter>
    </None>
    <None Include="test.frag">
      <Filter>Resource Files</Filter>
    </None>
    <None Include="..\x64\Release\data\IrrigationTool.mtl">
      <Filter>Resource Files</Filter>
    </None>
  </ItemGroup>
  <ItemGroup>
    <Object Include="bunny.obj">
      <Filter>Resource Files</Filter>
    </Object>
    <Object Include="..\x64\Release\data\IrrigationTool.obj">
      <Filter>Resource Files</Filter>
    </Object>
  </ItemGroup>
</Project>