<?xml version="1.0" encoding="utf-8"?>
<Project ToolsVersion="4.0" xmlns="http://schemas.microsoft.com/developer/msbuild/2003">
  <ItemGroup>
    <Filter Include="Source Files">
      <UniqueIdentifier>{4FC737F1-C7A5-4376-A066-2A32D752A2FF}</UniqueIdentifier>
      <Extensions>cpp;c;cc;cxx;def;odl;idl;hpj;bat;asm;asmx</Extensions>
    </Filter>
    <Filter Include="Header Files">
      <UniqueIdentifier>{93995380-89BD-4b04-88EB-625FBE52EBFB}</UniqueIdentifier>
      <Extensions>h;hh;hpp;hxx;hm;inl;inc;xsd</Extensions>
    </Filter>
    <Filter Include="Resource Files">
      <UniqueIdentifier>{67DA6AB6-F800-4c08-8B7A-83BB121AAD01}</UniqueIdentifier>
      <Extensions>rc;ico;cur;bmp;dlg;rc2;rct;bin;rgs;gif;jpg;jpeg;jpe;resx;tiff;tif;png;wav;mfcribbon-ms</Extensions>
    </Filter>
    <Filter Include="Header Files\Lights">
      <UniqueIdentifier>{de628701-4a58-494e-995a-0e13703245fe}</UniqueIdentifier>
    </Filter>
    <Filter Include="Header Files\Materials">
      <UniqueIdentifier>{c529670b-cfb1-4ed6-9562-9053f187e7e1}</UniqueIdentifier>
    </Filter>
    <Filter Include="Header Files\Geometry">
      <UniqueIdentifier>{0bfafaec-d5a0-473b-9282-574d63a2d2d4}</UniqueIdentifier>
    </Filter>
    <Filter Include="Header Files\Graphics">
      <UniqueIdentifier>{bc9782cf-82b7-46c3-9061-2c3f6a7b728a}</UniqueIdentifier>
    </Filter>
    <Filter Include="Header Files\Input">
      <UniqueIdentifier>{7f8fcdca-c0ff-4f9b-aaf0-5c09ff11a743}</UniqueIdentifier>
    </Filter>
    <Filter Include="Resource Files\Shaders">
      <UniqueIdentifier>{d67971bf-7a3d-4083-88f7-1beb46117755}</UniqueIdentifier>
    </Filter>
    <Filter Include="Header Files\Resources">
      <UniqueIdentifier>{7db0fd38-71ac-4b52-9c4b-65bbf7ca5fe5}</UniqueIdentifier>
    </Filter>
    <Filter Include="Header Files\Resources\Loaders">
      <UniqueIdentifier>{f118346b-99bd-4791-8aef-7ff817610e35}</UniqueIdentifier>
    </Filter>
    <Filter Include="Header Files\Resources\Serializers">
      <UniqueIdentifier>{d7f23526-21dd-4dbd-8a71-fe32518ed358}</UniqueIdentifier>
    </Filter>
    <Filter Include="Header Files\Resources\Serializers\Materials">
      <UniqueIdentifier>{8fed88cb-7f41-464b-8465-84a9e5b7ac82}</UniqueIdentifier>
    </Filter>
    <Filter Include="Header Files\Utility">
      <UniqueIdentifier>{77bd9ef3-2b00-474f-9467-4b9040f80b83}</UniqueIdentifier>
    </Filter>
    <Filter Include="Header Files\Graphics\PostProcess">
      <UniqueIdentifier>{41252853-6854-49d4-9101-8809992f6aec}</UniqueIdentifier>
    </Filter>
    <Filter Include="Resource Files\Images">
      <UniqueIdentifier>{3574d74d-1922-4eae-baa2-0f49102fcb73}</UniqueIdentifier>
    </Filter>
    <Filter Include="Header Files\Graphics\Cameras">
      <UniqueIdentifier>{0961ca9a-fac0-40cf-9f5b-ea037b8e10fc}</UniqueIdentifier>
    </Filter>
    <Filter Include="Header Files\Animation">
      <UniqueIdentifier>{63b7d544-f556-40b8-8d1f-6f55c78b8e4b}</UniqueIdentifier>
    </Filter>
    <Filter Include="Header Files\Animation\Splines">
      <UniqueIdentifier>{9bf9e9ba-11f2-423d-afef-4d17417793b2}</UniqueIdentifier>
    </Filter>
    <Filter Include="Header Files\Cuda">
      <UniqueIdentifier>{6c5704e4-5ac7-42c8-9792-ae81ad5e2fd7}</UniqueIdentifier>
    </Filter>
    <Filter Include="Header Files\Optix">
      <UniqueIdentifier>{1a39a70b-12ba-41bb-80d4-67f2093f2e81}</UniqueIdentifier>
    </Filter>
    <Filter Include="Resource Files\PTX">
      <UniqueIdentifier>{c94a9234-e244-4dd2-984a-461586fdf834}</UniqueIdentifier>
    </Filter>
  </ItemGroup>
  <ItemGroup>
    <Text Include="ReadMe.txt" />
  </ItemGroup>
  <ItemGroup>
    <ClInclude Include="stdafx.h">
      <Filter>Header Files</Filter>
    </ClInclude>
    <ClInclude Include="targetver.h">
      <Filter>Header Files</Filter>
    </ClInclude>
    <ClInclude Include="stb_image.h">
      <Filter>Header Files</Filter>
    </ClInclude>
    <ClInclude Include="Light.h">
      <Filter>Header Files\Lights</Filter>
    </ClInclude>
    <ClInclude Include="DirectionalLight.h">
      <Filter>Header Files\Lights</Filter>
    </ClInclude>
    <ClInclude Include="SpotLight.h">
      <Filter>Header Files\Lights</Filter>
    </ClInclude>
    <ClInclude Include="PBRMaterial.h">
      <Filter>Header Files\Materials</Filter>
    </ClInclude>
    <ClInclude Include="Material.h">
      <Filter>Header Files\Materials</Filter>
    </ClInclude>
    <ClInclude Include="GeometryUtil.h">
      <Filter>Header Files\Geometry</Filter>
    </ClInclude>
    <ClInclude Include="Geometry.h">
      <Filter>Header Files\Geometry</Filter>
    </ClInclude>
    <ClInclude Include="Mesh.h">
      <Filter>Header Files\Geometry</Filter>
    </ClInclude>
    <ClInclude Include="Model.h">
      <Filter>Header Files\Geometry</Filter>
    </ClInclude>
    <ClInclude Include="MouseKeyboardInput.h">
      <Filter>Header Files\Input</Filter>
    </ClInclude>
    <ClInclude Include="Renderer.h">
      <Filter>Header Files\Graphics</Filter>
    </ClInclude>
    <ClInclude Include="Scene.h">
      <Filter>Header Files\Graphics</Filter>
    </ClInclude>
    <ClInclude Include="Texture.h">
      <Filter>Header Files\Graphics</Filter>
    </ClInclude>
    <ClInclude Include="Shader.h">
      <Filter>Header Files\Graphics</Filter>
    </ClInclude>
    <ClInclude Include="Environment.h">
      <Filter>Header Files\Graphics</Filter>
    </ClInclude>
    <ClInclude Include="SkyboxMaterial.h">
      <Filter>Header Files\Materials</Filter>
    </ClInclude>
    <ClInclude Include="UnlitMaterial.h">
      <Filter>Header Files\Materials</Filter>
    </ClInclude>
    <ClInclude Include="stb_image_write.h">
      <Filter>Header Files</Filter>
    </ClInclude>
    <ClInclude Include="SceneNode.h">
      <Filter>Header Files\Graphics</Filter>
    </ClInclude>
    <ClInclude Include="ResourceManager.h">
      <Filter>Header Files\Resources</Filter>
    </ClInclude>
    <ClInclude Include="Loader.h">
      <Filter>Header Files\Resources</Filter>
    </ClInclude>
    <ClInclude Include="PNGLoader.h">
      <Filter>Header Files\Resources\Loaders</Filter>
    </ClInclude>
    <ClInclude Include="EnvironmentLoader.h">
      <Filter>Header Files\Resources\Loaders</Filter>
    </ClInclude>
    <ClInclude Include="DDSLoader.h">
      <Filter>Header Files\Resources\Loaders</Filter>
    </ClInclude>
    <ClInclude Include="JPGLoader.h">
      <Filter>Header Files\Resources\Loaders</Filter>
    </ClInclude>
    <ClInclude Include="MaterialLoader.h">
      <Filter>Header Files\Resources\Loaders</Filter>
    </ClInclude>
    <ClInclude Include="TextureSerializer.h">
      <Filter>Header Files\Resources\Serializers</Filter>
    </ClInclude>
    <ClInclude Include="ResourceSerialization.h">
      <Filter>Header Files\Resources</Filter>
    </ClInclude>
    <ClInclude Include="EnvironmentSerializer.h">
      <Filter>Header Files\Resources\Serializers</Filter>
    </ClInclude>
    <ClInclude Include="ResourceBase.h">
      <Filter>Header Files\Resources</Filter>
    </ClInclude>
    <ClInclude Include="ResourceHandle.h">
      <Filter>Header Files\Resources</Filter>
    </ClInclude>
    <ClInclude Include="ShaderSerializer.h">
      <Filter>Header Files\Resources\Serializers</Filter>
    </ClInclude>
    <ClInclude Include="ShaderLoader.h">
      <Filter>Header Files\Resources\Loaders</Filter>
    </ClInclude>
    <ClInclude Include="PBRMaterialSerializer.h">
      <Filter>Header Files\Resources\Serializers\Materials</Filter>
    </ClInclude>
    <ClInclude Include="PointLight.h">
      <Filter>Header Files\Lights</Filter>
    </ClInclude>
    <ClInclude Include="ModelLoader.h">
      <Filter>Header Files\Resources\Loaders</Filter>
    </ClInclude>
    <ClInclude Include="ModelSerializer.h">
      <Filter>Header Files\Resources\Serializers</Filter>
    </ClInclude>
    <ClInclude Include="TGALoader.h">
      <Filter>Header Files\Resources\Loaders</Filter>
    </ClInclude>
    <ClInclude Include="Volume.h">
      <Filter>Header Files\Graphics</Filter>
    </ClInclude>
    <ClInclude Include="EnvironmentTools.h">
      <Filter>Header Files\Utility</Filter>
    </ClInclude>
    <ClInclude Include="ToneMapping.h">
      <Filter>Header Files\Graphics\PostProcess</Filter>
    </ClInclude>
    <ClInclude Include="AntiAliasing.h">
      <Filter>Header Files\Graphics\PostProcess</Filter>
    </ClInclude>
    <ClInclude Include="PerspectiveCamera.h">
      <Filter>Header Files\Graphics\Cameras</Filter>
    </ClInclude>
    <ClInclude Include="OrthographicCamera.h">
      <Filter>Header Files\Graphics\Cameras</Filter>
    </ClInclude>
    <ClInclude Include="StereoCamera.h">
      <Filter>Header Files\Graphics\Cameras</Filter>
    </ClInclude>
    <ClInclude Include="Camera.h">
      <Filter>Header Files\Graphics\Cameras</Filter>
    </ClInclude>
    <ClInclude Include="TextureData.h">
      <Filter>Header Files\Graphics</Filter>
    </ClInclude>
    <ClInclude Include="MathUtil.h">
      <Filter>Header Files\Utility</Filter>
    </ClInclude>
    <ClInclude Include="FluentMesh.h">
      <Filter>Header Files\Utility</Filter>
    </ClInclude>
    <ClInclude Include="Animation\Animation.h">
      <Filter>Header Files\Animation</Filter>
    </ClInclude>
    <ClInclude Include="Animation\EasingFunctions.h">
      <Filter>Header Files\Animation</Filter>
    </ClInclude>
    <ClInclude Include="Animation\ITween.h">
      <Filter>Header Files\Animation</Filter>
    </ClInclude>
    <ClInclude Include="Animation\Spline.h">
      <Filter>Header Files\Animation</Filter>
    </ClInclude>
    <ClInclude Include="Animation\Tween.h">
      <Filter>Header Files\Animation</Filter>
    </ClInclude>
    <ClInclude Include="Animation\TweenManager.h">
      <Filter>Header Files\Animation</Filter>
    </ClInclude>
    <ClInclude Include="Animation\TweenDelay.h">
      <Filter>Header Files\Animation</Filter>
    </ClInclude>
    <ClInclude Include="Animation\TweenSequence.h">
      <Filter>Header Files\Animation</Filter>
    </ClInclude>
    <ClInclude Include="Animation\Splines\BezierSpline.h">
      <Filter>Header Files\Animation\Splines</Filter>
    </ClInclude>
    <ClInclude Include="Animation\Splines\BSpline.h">
      <Filter>Header Files\Animation\Splines</Filter>
    </ClInclude>
    <ClInclude Include="Animation\Splines\CatmullRomSpline.h">
      <Filter>Header Files\Animation\Splines</Filter>
    </ClInclude>
    <ClInclude Include="Animation\Splines\LinearSpline.h">
      <Filter>Header Files\Animation\Splines</Filter>
    </ClInclude>
    <ClInclude Include="cuda_pathtracer.h">
      <Filter>Header Files</Filter>
    </ClInclude>
    <ClInclude Include="cutil_math.h">
      <Filter>Header Files</Filter>
    </ClInclude>
    <ClInclude Include="CudaRenderTarget.h">
      <Filter>Header Files\Cuda</Filter>
    </ClInclude>
    <ClInclude Include="OptixVolumeRenderer.h">
      <Filter>Header Files\Optix</Filter>
    </ClInclude>
    <ClInclude Include="random.h">
      <Filter>Header Files\Optix</Filter>
    </ClInclude>
    <ClInclude Include="Packet.h">
      <Filter>Header Files\Optix</Filter>
    </ClInclude>
    <ClInclude Include="ColorXYZ.h">
      <Filter>Header Files\Optix</Filter>
    </ClInclude>
    <ClInclude Include="helpers.h">
      <Filter>Header Files\Optix</Filter>
    </ClInclude>
    <ClInclude Include="Lighting.h">
      <Filter>Header Files\Optix</Filter>
    </ClInclude>
    <ClInclude Include="MonteCarlo.h">
      <Filter>Header Files\Optix</Filter>
    </ClInclude>
    <ClInclude Include="RayMarching.h">
      <Filter>Header Files\Optix</Filter>
    </ClInclude>
    <ClInclude Include="Sample.h">
      <Filter>Header Files\Optix</Filter>
    </ClInclude>
    <ClInclude Include="VolumeShader.h">
      <Filter>Header Files\Optix</Filter>
    </ClInclude>
    <ClInclude Include="DepthTarget.h">
      <Filter>Header Files\Graphics</Filter>
    </ClInclude>
    <ClInclude Include="FrameBuffer.h">
      <Filter>Header Files\Graphics</Filter>
    </ClInclude>
    <ClInclude Include="RenderTarget.h">
      <Filter>Header Files\Graphics</Filter>
    </ClInclude>
  </ItemGroup>
  <ItemGroup>
    <ClCompile Include="stdafx.cpp">
      <Filter>Source Files</Filter>
    </ClCompile>
    <ClCompile Include="PBRBox.cpp">
      <Filter>Source Files</Filter>
    </ClCompile>
    <ClCompile Include="Camera.cpp">
      <Filter>Source Files</Filter>
    </ClCompile>
    <ClCompile Include="Mesh.cpp">
      <Filter>Source Files</Filter>
    </ClCompile>
    <ClCompile Include="Model.cpp">
      <Filter>Source Files</Filter>
    </ClCompile>
    <ClCompile Include="Geometry.cpp">
      <Filter>Source Files</Filter>
    </ClCompile>
    <ClCompile Include="SceneNode.cpp">
      <Filter>Source Files</Filter>
    </ClCompile>
    <ClCompile Include="ResourceManager.cpp">
      <Filter>Source Files</Filter>
    </ClCompile>
    <ClCompile Include="OptixVolumeRenderer.cpp">
      <Filter>Source Files</Filter>
    </ClCompile>
  </ItemGroup>
  <ItemGroup>
    <None Include="..\x64\Release\shaders\ISPBR.frag">
      <Filter>Resource Files\Shaders</Filter>
    </None>
    <None Include="..\x64\Release\shaders\ISPBR.vert">
      <Filter>Resource Files\Shaders</Filter>
    </None>
    <None Include="..\x64\Release\shaders\Mirror.frag">
      <Filter>Resource Files\Shaders</Filter>
    </None>
    <None Include="..\x64\Release\shaders\Mirror.vert">
      <Filter>Resource Files\Shaders</Filter>
    </None>
    <None Include="..\x64\Release\shaders\NormalShader.frag">
      <Filter>Resource Files\Shaders</Filter>
    </None>
    <None Include="..\x64\Release\shaders\NormalShader.vert">
      <Filter>Resource Files\Shaders</Filter>
    </None>
    <None Include="..\x64\Release\shaders\Shadow.frag">
      <Filter>Resource Files\Shaders</Filter>
    </None>
    <None Include="..\x64\Release\shaders\Shadow.vert">
      <Filter>Resource Files\Shaders</Filter>
    </None>
    <None Include="..\x64\Release\shaders\Skybox.frag">
      <Filter>Resource Files\Shaders</Filter>
    </None>
    <None Include="..\x64\Release\shaders\Skybox.vert">
      <Filter>Resource Files\Shaders</Filter>
    </None>
    <None Include="..\x64\Release\shaders\Standard.frag">
      <Filter>Resource Files\Shaders</Filter>
    </None>
    <None Include="..\x64\Release\shaders\Standard.vert">
      <Filter>Resource Files\Shaders</Filter>
    </None>
    <None Include="..\x64\Release\shaders\Unlit.vert">
      <Filter>Resource Files\Shaders</Filter>
    </None>
    <None Include="..\x64\Release\shaders\Unlit.frag">
      <Filter>Resource Files\Shaders</Filter>
    </None>
    <None Include="..\x64\Release\shaders\PBR.frag">
      <Filter>Resource Files\Shaders</Filter>
    </None>
    <None Include="..\x64\Release\shaders\PBR.vert">
      <Filter>Resource Files\Shaders</Filter>
    </None>
    <None Include="Volume.vert">
      <Filter>Resource Files\Shaders</Filter>
    </None>
    <None Include="..\x64\Release\Optix\accum_camera.ptx">
      <Filter>Resource Files\PTX</Filter>
    </None>
    <None Include="..\x64\Release\Optix\constantbg.ptx">
      <Filter>Resource Files\PTX</Filter>
    </None>
    <None Include="..\x64\Release\Optix\phong.ptx">
      <Filter>Resource Files\PTX</Filter>
    </None>
    <None Include="..\x64\Release\Optix\volume.ptx">
      <Filter>Resource Files\PTX</Filter>
    </None>
    <None Include="..\x64\Release\shaders\Tonemap.frag">
      <Filter>Resource Files\Shaders</Filter>
    </None>
    <None Include="..\x64\Release\shaders\Tonemap.vert">
      <Filter>Resource Files\Shaders</Filter>
    </None>
  </ItemGroup>
  <ItemGroup>
    <Image Include="..\x64\Release\Error.png">
      <Filter>Resource Files\Images</Filter>
    </Image>
  </ItemGroup>
  <ItemGroup>
    <CudaCompile Include="cuda_pathtracer.cu">
      <Filter>Source Files</Filter>
    </CudaCompile>
    <CudaCompile Include="accum_camera.cu">
      <Filter>Header Files\Optix</Filter>
    </CudaCompile>
    <CudaCompile Include="phong.cu">
      <Filter>Header Files\Optix</Filter>
    </CudaCompile>
    <CudaCompile Include="volume.cu">
      <Filter>Header Files\Optix</Filter>
    </CudaCompile>
    <CudaCompile Include="constantbg.cu">
      <Filter>Header Files\Optix</Filter>
    </CudaCompile>
  </ItemGroup>
</Project>